{
  "nodes": {
    "nixpkgs": {
      "locked": {
        "lastModified": 0,
        "narHash": "sha256-8BO3B7e3BiyIDsaKA0tY8O88rClYRTjvAp66y+VBUeU=",
        "path": "/nix/store/qzjidyx3fip413vg7by6ibl22lwizc68-source",
        "type": "path"
      },
      "original": {
        "id": "nixpkgs",
        "type": "indirect"
      }
    },
    "nixpkgs_2": {
      "locked": {
        "lastModified": 0,
        "narHash": "sha256-rL5LSYd85kplL5othxK5lmAtjyMOBg390sGBTb3LRMM=",
        "path": "/nix/store/7ay2dd0w41iqvrnkx19v4vf4f5kkxvc2-source",
        "type": "path"
      },
      "original": {
        "id": "nixpkgs",
        "type": "indirect"
      }
    },
    "openssl": {
      "inputs": {
        "nixpkgs": "nixpkgs_2"
      },
      "locked": {
        "lastModified": 1716387753,
        "narHash": "sha256-Y2FO0gLzuEWLvpPFtuHh213PPgry0s3INsJ+uceU4tU=",
        "owner": "siddharth-narayan",
        "repo": "openssl-with-providers",
        "rev": "781623900999018ea679047330e9989fc23afa24",
        "type": "github"
      },
      "original": {
        "owner": "siddharth-narayan",
        "repo": "openssl-with-providers",
        "type": "github"
      }
    },
    "root": {
      "inputs": {
        "nixpkgs": "nixpkgs",
        "softether": "softether"
      }
    },
    "softether": {
      "inputs": {
        "nixpkgs": [
          "nixpkgs"
        ],
        "openssl": "openssl"
      },
      "locked": {
        "lastModified": 1716491604,
        "narHash": "sha256-KcCVqwEGzX84Jg90o/7btKhlj19skSArJmM3RpGhU0w=",
        "path": "/home/siddharth/projects/github/SoftEtherVPN-fork",
        "type": "path"
      },
      "original": {
        "path": "/home/siddharth/projects/github/SoftEtherVPN-fork",
        "type": "path"
      }
    }
  },
  "root": "root",
  "version": 7
}
